github.com/mjwhitta/errors v1.0.2 h1:5QmN4kKfFwYiSsdASDmoi3ie7HesdU7pNDqlhXE9nuU=
github.com/mjwhitta/errors v1.0.2/go.mod h1:VxHM8bLMPVqkvHiYQq4Nq4sjNqPjUtKLhSF2I0wve5U=
github.com/mjwhitta/runsc v1.4.2 h1:/Si82iSLOYtnIMDfH7+jN2nWeoxxqDxFa25VkKukUHk=
github.com/mjwhitta/runsc v1.4.2/go.mod h1:8wmzj/193TD/mmYDDouWrPs7RX1bCEUz66/kdtV3wOY=
github.com/mjwhitta/win v0.12.3 h1:FWiQTWoGI0BXtx+hD6wnxZbPCvgHUMfSLo6KurLCCyM=
github.com/mjwhitta/win v0.12.3/go.mod h1:bP6ESF0BcbFDGcd/oYXRQIgAsfVjhF3oezfguJH0ckQ=
golang.org/x/sys v0.16.0 h1:xWw16ngr6ZMtmxDyKyIgsE93KNKz5HKmMa3b8ALHidU=
golang.org/x/sys v0.16.0/go.mod h1:/VUhepiaJMQUp4+oa/7Zr1D23ma6VTLIYjOOTFZPUcA=
