github.com/mjwhitta/errors v1.0.2 h1:5QmN4kKfFwYiSsdASDmoi3ie7HesdU7pNDqlhXE9nuU=
github.com/mjwhitta/errors v1.0.2/go.mod h1:VxHM8bLMPVqkvHiYQq4Nq4sjNqPjUtKLhSF2I0wve5U=
github.com/mjwhitta/runsc v1.4.6 h1:fHCzKJhY3ZQD9gTRwEBEgAv9nAhB9hStu5utJV1b7gU=
github.com/mjwhitta/runsc v1.4.6/go.mod h1:ODlUO6RC4y2qe0QZ+OyDalCktmwqbDuWmpiTPl8ROw0=
github.com/mjwhitta/win v0.14.2 h1:GvxbQRT/VD2gPAcJKnp0J7572+omLo4czNI3kee4OCA=
github.com/mjwhitta/win v0.14.2/go.mod h1:EnUY86bUeUqrkM/P0Lbw7o8HXD1TX/ILwpfv3Ktdx/I=
golang.org/x/sys v0.17.0 h1:25cE3gD+tdBA7lp7QfhuV+rJiE9YXTcS3VG1SqssI/Y=
golang.org/x/sys v0.17.0/go.mod h1:/VUhepiaJMQUp4+oa/7Zr1D23ma6VTLIYjOOTFZPUcA=
