github.com/mjwhitta/errors v1.0.2 h1:5QmN4kKfFwYiSsdASDmoi3ie7HesdU7pNDqlhXE9nuU=
github.com/mjwhitta/errors v1.0.2/go.mod h1:VxHM8bLMPVqkvHiYQq4Nq4sjNqPjUtKLhSF2I0wve5U=
github.com/mjwhitta/runsc v1.4.3 h1:b1pG14U1JphBp++WntLkvh6BxzwZNRuff7AYyLAuMdY=
github.com/mjwhitta/runsc v1.4.3/go.mod h1:UrwZTanGeyU/RJa5efCUnnknVqJu68Jrunm6Kf69VAo=
github.com/mjwhitta/win v0.14.0 h1:49eVMVw7SPWpxwS/XdAnAk5Kt3YIMG+rDwWuQJKloKQ=
github.com/mjwhitta/win v0.14.0/go.mod h1:EnUY86bUeUqrkM/P0Lbw7o8HXD1TX/ILwpfv3Ktdx/I=
golang.org/x/sys v0.17.0 h1:25cE3gD+tdBA7lp7QfhuV+rJiE9YXTcS3VG1SqssI/Y=
golang.org/x/sys v0.17.0/go.mod h1:/VUhepiaJMQUp4+oa/7Zr1D23ma6VTLIYjOOTFZPUcA=
